{
  "name": "docs.ractivejs.org",
  "version": "0.8.0",
  "dependencies": {
       "handlebars-helpers": {
      "version": "0.5.8",
      "from": "handlebars-helpers@>=0.5.8 <0.6.0",
      "resolved": "https://registry.npmjs.org/handlebars-helpers/-/handlebars-helpers-0.5.8.tgz",
      "dependencies": {
            "marked": {
          "version": "0.3.5",
          "from": "marked@>=0.3.5 <0.3.5",
          "resolved": "https://registry.npmjs.org/marked/-/marked-0.3.5.tgz"
        }
      }
    }
  }
}
